
Microsoft Visual Studio Solution File, Format Version 12.00
# Visual Studio 15
VisualStudioVersion = 15.0.27004.2008
MinimumVisualStudioVersion = 10.0.40219.1
Project("{9A19103F-16F7-4668-BE54-9A1E7A4F7556}") = "NetCore2.MVC.BasicAuthentication", "NetCore2.MVC.BasicAuthentication\NetCore2.MVC.BasicAuthentication.csproj", "{2E57A165-F84E-4E0E-81FB-F9BD456BBED2}"
EndProject
Project("{2150E333-8FDC-42A3-9474-1A3956D46DE8}") = "Solution Items", "Solution Items", "{B3CD7ED0-0EA6-4A1B-8095-32A51225B7B2}"
	ProjectSection(SolutionItems) = preProject
		LICENSE = LICENSE
		README.md = README.md
	EndProjectSection
EndProject
Global
	GlobalSection(SolutionConfigurationPlatforms) = preSolution
		Debug|Any CPU = Debug|Any CPU
		Release|Any CPU = Release|Any CPU
	EndGlobalSection
	GlobalSection(ProjectConfigurationPlatforms) = postSolution
		{2E57A165-F84E-4E0E-81FB-F9BD456BBED2}.Debug|Any CPU.ActiveCfg = Debug|Any CPU
		{2E57A165-F84E-4E0E-81FB-F9BD456BBED2}.Debug|Any CPU.Build.0 = Debug|Any CPU
		{2E57A165-F84E-4E0E-81FB-F9BD456BBED2}.Release|Any CPU.ActiveCfg = Release|Any CPU
		{2E57A165-F84E-4E0E-81FB-F9BD456BBED2}.Release|Any CPU.Build.0 = Release|Any CPU
	EndGlobalSection
	GlobalSection(SolutionProperties) = preSolution
		HideSolutionNode = FALSE
	EndGlobalSection
	GlobalSection(ExtensibilityGlobals) = postSolution
		SolutionGuid = {FD390EE2-BA85-4867-89E3-41AEDCF79B2A}
	EndGlobalSection
EndGlobal
